
Microsoft Visual Studio Solution File, Format Version 12.00
# Visual Studio 15
VisualStudioVersion = 15.0.28307.136
MinimumVisualStudioVersion = 10.0.40219.1
Project("{FAE04EC0-301F-11D3-BF4B-00C04F79EFBC}") = "Stratego", "Stratego\Stratego.csproj", "{824AA0C9-D0DE-4DE2-B3C0-4DC08ACBFDE7}"
EndProject
Global
	GlobalSection(SolutionConfigurationPlatforms) = preSolution
		Debug|Any CPU = Debug|Any CPU
		Release|Any CPU = Release|Any CPU
	EndGlobalSection
	GlobalSection(ProjectConfigurationPlatforms) = postSolution
		{824AA0C9-D0DE-4DE2-B3C0-4DC08ACBFDE7}.Debug|Any CPU.ActiveCfg = Debug|Any CPU
		{824AA0C9-D0DE-4DE2-B3C0-4DC08ACBFDE7}.Debug|Any CPU.Build.0 = Debug|Any CPU
		{824AA0C9-D0DE-4DE2-B3C0-4DC08ACBFDE7}.Release|Any CPU.ActiveCfg = Release|Any CPU
		{824AA0C9-D0DE-4DE2-B3C0-4DC08ACBFDE7}.Release|Any CPU.Build.0 = Release|Any CPU
	EndGlobalSection
	GlobalSection(SolutionProperties) = preSolution
		HideSolutionNode = FALSE
	EndGlobalSection
	GlobalSection(ExtensibilityGlobals) = postSolution
		SolutionGuid = {99A7F172-55EF-41C5-BF73-948C1FCAE55D}
	EndGlobalSection
EndGlobal
